
Microsoft Visual Studio Solution File, Format Version 12.00
# Visual Studio Version 16
VisualStudioVersion = 16.0.30204.135
MinimumVisualStudioVersion = 10.0.40219.1
Project("{FAE04EC0-301F-11D3-BF4B-00C04F79EFBC}") = "InSim Base", "InSim Base\InSim Base.csproj", "{43635880-FF2B-462B-8916-49048DD84480}"
EndProject
Global
	GlobalSection(SolutionConfigurationPlatforms) = preSolution
		Debug|Any CPU = Debug|Any CPU
		Release|Any CPU = Release|Any CPU
	EndGlobalSection
	GlobalSection(ProjectConfigurationPlatforms) = postSolution
		{43635880-FF2B-462B-8916-49048DD84480}.Debug|Any CPU.ActiveCfg = Debug|Any CPU
		{43635880-FF2B-462B-8916-49048DD84480}.Debug|Any CPU.Build.0 = Debug|Any CPU
		{43635880-FF2B-462B-8916-49048DD84480}.Release|Any CPU.ActiveCfg = Release|Any CPU
		{43635880-FF2B-462B-8916-49048DD84480}.Release|Any CPU.Build.0 = Release|Any CPU
	EndGlobalSection
	GlobalSection(SolutionProperties) = preSolution
		HideSolutionNode = FALSE
	EndGlobalSection
	GlobalSection(ExtensibilityGlobals) = postSolution
		SolutionGuid = {7B20C65E-908A-4C6D-90E7-83F6781FEEDD}
	EndGlobalSection
EndGlobal
